
Microsoft Visual Studio Solution File, Format Version 12.00
# Visual Studio Version 16
VisualStudioVersion = 16.0.29911.84
MinimumVisualStudioVersion = 10.0.40219.1
Project("{9A19103F-16F7-4668-BE54-9A1E7A4F7556}") = "ApiServer.Framework.Core", "ApiServer.Framework.Core\ApiServer.Framework.Core.csproj", "{B92069A5-ED14-412C-BCC2-1171FB0A2004}"
EndProject
Global
	GlobalSection(SolutionConfigurationPlatforms) = preSolution
		Debug|Any CPU = Debug|Any CPU
		Release|Any CPU = Release|Any CPU
	EndGlobalSection
	GlobalSection(ProjectConfigurationPlatforms) = postSolution
		{B92069A5-ED14-412C-BCC2-1171FB0A2004}.Debug|Any CPU.ActiveCfg = Debug|Any CPU
		{B92069A5-ED14-412C-BCC2-1171FB0A2004}.Debug|Any CPU.Build.0 = Debug|Any CPU
		{B92069A5-ED14-412C-BCC2-1171FB0A2004}.Release|Any CPU.ActiveCfg = Release|Any CPU
		{B92069A5-ED14-412C-BCC2-1171FB0A2004}.Release|Any CPU.Build.0 = Release|Any CPU
	EndGlobalSection
	GlobalSection(SolutionProperties) = preSolution
		HideSolutionNode = FALSE
	EndGlobalSection
	GlobalSection(ExtensibilityGlobals) = postSolution
		SolutionGuid = {34053702-1CB7-48D0-88C0-8747FF6D667C}
	EndGlobalSection
EndGlobal
